// !$*UTF8*$!
{
	archiveVersion = 1;
	classes = {
	};
	objectVersion = 77;
	objects = {

/* Begin PBXBuildFile section */
		36E44E5A2FFE78A8002B776A /* OpenAPIRuntime in Frameworks */ = {isa = PBXBuildFile; productRef = 36E44E592FFE78A8002B776A /* OpenAPIRuntime */; };
		36E44E5D2FFE78AC002B776A /* OpenAPIURLSession in Frameworks */ = {isa = PBXBuildFile; productRef = 36E44E5C2FFE78AC002B776A /* OpenAPIURLSession */; };
		36E44E682FFE7997002B776A /* HTTPTypes in Frameworks */ = {isa = PBXBuildFile; productRef = 36E44E672FFE7997002B776A /* HTTPTypes */; };
		EAD500012FFF000100000001 /* EatAndPayDesignSystem in Frameworks */ = {isa = PBXBuildFile; productRef = EAD500032FFF000100000001 /* EatAndPayDesignSystem */; };
/* End PBXBuildFile section */

/* Begin PBXContainerItemProxy section */
		3612009B2FF7FB4900FB2B6C /* PBXContainerItemProxy */ = {
			isa = PBXContainerItemProxy;
			containerPortal = 361200852FF7FB4800FB2B6C /* Project object */;
			proxyType = 1;
			remoteGlobalIDString = 3612008C2FF7FB4800FB2B6C;
			remoteInfo = EatAndPay;
		};
		361200A52FF7FB4900FB2B6C /* PBXContainerItemProxy */ = {
			isa = PBXContainerItemProxy;
			containerPortal = 361200852FF7FB4800FB2B6C /* Project object */;
			proxyType = 1;
			remoteGlobalIDString = 3612008C2FF7FB4800FB2B6C;
			remoteInfo = EatAndPay;
		};
/* End PBXContainerItemProxy section */

/* Begin PBXFileReference section */
		3612008D2FF7FB4800FB2B6C /* EatAndPay.app */ = {isa = PBXFileReference; explicitFileType = wrapper.application; includeInIndex = 0; path = EatAndPay.app; sourceTree = BUILT_PRODUCTS_DIR; };
		3612009A2FF7FB4900FB2B6C /* EatAndPayTests.xctest */ = {isa = PBXFileReference; explicitFileType = wrapper.cfbundle; includeInIndex = 0; path = EatAndPayTests.xctest; sourceTree = BUILT_PRODUCTS_DIR; };
		361200A42FF7FB4900FB2B6C /* EatAndPayUITests.xctest */ = {isa = PBXFileReference; explicitFileType = wrapper.cfbundle; includeInIndex = 0; path = EatAndPayUITests.xctest; sourceTree = BUILT_PRODUCTS_DIR; };
/* End PBXFileReference section */

/* Begin PBXFileSystemSynchronizedRootGroup section */
		3612008F2FF7FB4800FB2B6C /* EatAndPay */ = {
			isa = PBXFileSystemSynchronizedRootGroup;
			path = EatAndPay;
			sourceTree = "<group>";
		};
		3612009D2FF7FB4900FB2B6C /* EatAndPayTests */ = {
			isa = PBXFileSystemSynchronizedRootGroup;
			path = EatAndPayTests;
			sourceTree = "<group>";
		};
		361200A72FF7FB4900FB2B6C /* EatAndPayUITests */ = {
			isa = PBXFileSystemSynchronizedRootGroup;
			path = EatAndPayUITests;
			sourceTree = "<group>";
		};
/* End PBXFileSystemSynchronizedRootGroup section */

/* Begin PBXFrameworksBuildPhase section */
		3612008A2FF7FB4800FB2B6C /* Frameworks */ = {
			isa = PBXFrameworksBuildPhase;
			buildActionMask = 2147483647;
			files = (
				EAD500012FFF000100000001 /* EatAndPayDesignSystem in Frameworks */,
				36E44E682FFE7997002B776A /* HTTPTypes in Frameworks */,
				36E44E5D2FFE78AC002B776A /* OpenAPIURLSession in Frameworks */,
				36E44E5A2FFE78A8002B776A /* OpenAPIRuntime in Frameworks */,
			);
			runOnlyForDeploymentPostprocessing = 0;
		};
		361200972FF7FB4900FB2B6C /* Frameworks */ = {
			isa = PBXFrameworksBuildPhase;
			buildActionMask = 2147483647;
			files = (
			);
			runOnlyForDeploymentPostprocessing = 0;
		};
		361200A12FF7FB4900FB2B6C /* Frameworks */ = {
			isa = PBXFrameworksBuildPhase;
			buildActionMask = 2147483647;
			files = (
			);
			runOnlyForDeploymentPostprocessing = 0;
		};
/* End PBXFrameworksBuildPhase section */

/* Begin PBXGroup section */
		361200842FF7FB4800FB2B6C = {
			isa = PBXGroup;
			children = (
				3612008F2FF7FB4800FB2B6C /* EatAndPay */,
				3612009D2FF7FB4900FB2B6C /* EatAndPayTests */,
				361200A72FF7FB4900FB2B6C /* EatAndPayUITests */,
				36E44E582FFE78A8002B776A /* Frameworks */,
				3612008E2FF7FB4800FB2B6C /* Products */,
			);
			sourceTree = "<group>";
		};
		3612008E2FF7FB4800FB2B6C /* Products */ = {
			isa = PBXGroup;
			children = (
				3612008D2FF7FB4800FB2B6C /* EatAndPay.app */,
				3612009A2FF7FB4900FB2B6C /* EatAndPayTests.xctest */,
				361200A42FF7FB4900FB2B6C /* EatAndPayUITests.xctest */,
			);
			name = Products;
			sourceTree = "<group>";
		};
		36E44E582FFE78A8002B776A /* Frameworks */ = {
			isa = PBXGroup;
			children = (
			);
			name = Frameworks;
			sourceTree = "<group>";
		};
/* End PBXGroup section */

/* Begin PBXNativeTarget section */
		3612008C2FF7FB4800FB2B6C /* EatAndPay */ = {
			isa = PBXNativeTarget;
			buildConfigurationList = 361200AE2FF7FB4900FB2B6C /* Build configuration list for PBXNativeTarget "EatAndPay" */;
			buildPhases = (
				361200892FF7FB4800FB2B6C /* Sources */,
				3612008A2FF7FB4800FB2B6C /* Frameworks */,
				3612008B2FF7FB4800FB2B6C /* Resources */,
			);
			buildRules = (
			);
			dependencies = (
				3639B7382FFE7112003CF009 /* PBXTargetDependency */,
			);
			fileSystemSynchronizedGroups = (
				3612008F2FF7FB4800FB2B6C /* EatAndPay */,
			);
			name = EatAndPay;
			packageProductDependencies = (
				EAD500032FFF000100000001 /* EatAndPayDesignSystem */,
				36E44E592FFE78A8002B776A /* OpenAPIRuntime */,
				36E44E5C2FFE78AC002B776A /* OpenAPIURLSession */,
				36E44E672FFE7997002B776A /* HTTPTypes */,
			);
			productName = EatAndPay;
			productReference = 3612008D2FF7FB4800FB2B6C /* EatAndPay.app */;
			productType = "com.apple.product-type.application";
		};
		361200992FF7FB4900FB2B6C /* EatAndPayTests */ = {
			isa = PBXNativeTarget;
			buildConfigurationList = 361200B12FF7FB4900FB2B6C /* Build configuration list for PBXNativeTarget "EatAndPayTests" */;
			buildPhases = (
				361200962FF7FB4900FB2B6C /* Sources */,
				361200972FF7FB4900FB2B6C /* Frameworks */,
				361200982FF7FB4900FB2B6C /* Resources */,
			);
			buildRules = (
			);
			dependencies = (
				3612009C2FF7FB4900FB2B6C /* PBXTargetDependency */,
			);
			fileSystemSynchronizedGroups = (
				3612009D2FF7FB4900FB2B6C /* EatAndPayTests */,
			);
			name = EatAndPayTests;
			packageProductDependencies = (
			);
			productName = EatAndPayTests;
			productReference = 3612009A2FF7FB4900FB2B6C /* EatAndPayTests.xctest */;
			productType = "com.apple.product-type.bundle.unit-test";
		};
		361200A32FF7FB4900FB2B6C /* EatAndPayUITests */ = {
			isa = PBXNativeTarget;
			buildConfigurationList = 361200B42FF7FB4900FB2B6C /* Build configuration list for PBXNativeTarget "EatAndPayUITests" */;
			buildPhases = (
				361200A02FF7FB4900FB2B6C /* Sources */,
				361200A12FF7FB4900FB2B6C /* Frameworks */,
				361200A22FF7FB4900FB2B6C /* Resources */,
			);
			buildRules = (
			);
			dependencies = (
				361200A62FF7FB4900FB2B6C /* PBXTargetDependency */,
			);
			fileSystemSynchronizedGroups = (
				361200A72FF7FB4900FB2B6C /* EatAndPayUITests */,
			);
			name = EatAndPayUITests;
			packageProductDependencies = (
			);
			productName = EatAndPayUITests;
			productReference = 361200A42FF7FB4900FB2B6C /* EatAndPayUITests.xctest */;
			productType = "com.apple.product-type.bundle.ui-testing";
		};
/* End PBXNativeTarget section */

/* Begin PBXProject section */
		361200852FF7FB4800FB2B6C /* Project object */ = {
			isa = PBXProject;
			attributes = {
				BuildIndependentTargetsInParallel = 1;
				LastSwiftUpdateCheck = 2630;
				LastUpgradeCheck = 2630;
				TargetAttributes = {
					3612008C2FF7FB4800FB2B6C = {
						CreatedOnToolsVersion = 26.3;
					};
					361200992FF7FB4900FB2B6C = {
						CreatedOnToolsVersion = 26.3;
						TestTargetID = 3612008C2FF7FB4800FB2B6C;
					};
					361200A32FF7FB4900FB2B6C = {
						CreatedOnToolsVersion = 26.3;
						TestTargetID = 3612008C2FF7FB4800FB2B6C;
					};
				};
			};
			buildConfigurationList = 361200882FF7FB4800FB2B6C /* Build configuration list for PBXProject "EatAndPay" */;
			developmentRegion = en;
			hasScannedForEncodings = 0;
			knownRegions = (
				en,
				Base,
			);
			mainGroup = 361200842FF7FB4800FB2B6C;
			minimizedProjectReferenceProxies = 1;
			packageReferences = (
				EAD500022FFF000100000001 /* XCLocalSwiftPackageReference "EatAndPayDesignSystem" */,
				3639B7342FFE70A3003CF009 /* XCRemoteSwiftPackageReference "swift-openapi-generator" */,
				3639B7352FFE70BC003CF009 /* XCRemoteSwiftPackageReference "swift-openapi-runtime" */,
				3639B7362FFE70E6003CF009 /* XCRemoteSwiftPackageReference "swift-openapi-urlsession" */,
				36E44E662FFE7991002B776A /* XCRemoteSwiftPackageReference "swift-http-types" */,
			);
			preferredProjectObjectVersion = 77;
			productRefGroup = 3612008E2FF7FB4800FB2B6C /* Products */;
			projectDirPath = "";
			projectRoot = "";
			targets = (
				3612008C2FF7FB4800FB2B6C /* EatAndPay */,
				361200992FF7FB4900FB2B6C /* EatAndPayTests */,
				361200A32FF7FB4900FB2B6C /* EatAndPayUITests */,
			);
		};
/* End PBXProject section */

/* Begin PBXResourcesBuildPhase section */
		3612008B2FF7FB4800FB2B6C /* Resources */ = {
			isa = PBXResourcesBuildPhase;
			buildActionMask = 2147483647;
			files = (
			);
			runOnlyForDeploymentPostprocessing = 0;
		};
		361200982FF7FB4900FB2B6C /* Resources */ = {
			isa = PBXResourcesBuildPhase;
			buildActionMask = 2147483647;
			files = (
			);
			runOnlyForDeploymentPostprocessing = 0;
		};
		361200A22FF7FB4900FB2B6C /* Resources */ = {
			isa = PBXResourcesBuildPhase;
			buildActionMask = 2147483647;
			files = (
			);
			runOnlyForDeploymentPostprocessing = 0;
		};
/* End PBXResourcesBuildPhase section */

/* Begin PBXSourcesBuildPhase section */
		361200892FF7FB4800FB2B6C /* Sources */ = {
			isa = PBXSourcesBuildPhase;
			buildActionMask = 2147483647;
			files = (
			);
			runOnlyForDeploymentPostprocessing = 0;
		};
		361200962FF7FB4900FB2B6C /* Sources */ = {
			isa = PBXSourcesBuildPhase;
			buildActionMask = 2147483647;
			files = (
			);
			runOnlyForDeploymentPostprocessing = 0;
		};
		361200A02FF7FB4900FB2B6C /* Sources */ = {
			isa = PBXSourcesBuildPhase;
			buildActionMask = 2147483647;
			files = (
			);
			runOnlyForDeploymentPostprocessing = 0;
		};
/* End PBXSourcesBuildPhase section */

/* Begin PBXTargetDependency section */
		3612009C2FF7FB4900FB2B6C /* PBXTargetDependency */ = {
			isa = PBXTargetDependency;
			target = 3612008C2FF7FB4800FB2B6C /* EatAndPay */;
			targetProxy = 3612009B2FF7FB4900FB2B6C /* PBXContainerItemProxy */;
		};
		361200A62FF7FB4900FB2B6C /* PBXTargetDependency */ = {
			isa = PBXTargetDependency;
			target = 3612008C2FF7FB4800FB2B6C /* EatAndPay */;
			targetProxy = 361200A52FF7FB4900FB2B6C /* PBXContainerItemProxy */;
		};
		3639B7382FFE7112003CF009 /* PBXTargetDependency */ = {
			isa = PBXTargetDependency;
			productRef = 3639B7372FFE7112003CF009 /* OpenAPIGenerator */;
		};
/* End PBXTargetDependency section */

/* Begin XCBuildConfiguration section */
		361200AC2FF7FB4900FB2B6C /* Debug */ = {
			isa = XCBuildConfiguration;
			buildSettings = {
				ALWAYS_SEARCH_USER_PATHS = NO;
				ASSETCATALOG_COMPILER_GENERATE_SWIFT_ASSET_SYMBOL_EXTENSIONS = YES;
				CLANG_ANALYZER_NONNULL = YES;
				CLANG_ANALYZER_NUMBER_OBJECT_CONVERSION = YES_AGGRESSIVE;
				CLANG_CXX_LANGUAGE_STANDARD = "gnu++20";
				CLANG_ENABLE_MODULES = YES;
				CLANG_ENABLE_OBJC_ARC = YES;
				CLANG_ENABLE_OBJC_WEAK = YES;
				CLANG_WARN_BLOCK_CAPTURE_AUTORELEASING = YES;
				CLANG_WARN_BOOL_CONVERSION = YES;
				CLANG_WARN_COMMA = YES;
				CLANG_WARN_CONSTANT_CONVERSION = YES;
				CLANG_WARN_DEPRECATED_OBJC_IMPLEMENTATIONS = YES;
				CLANG_WARN_DIRECT_OBJC_ISA_USAGE = YES_ERROR;
				CLANG_WARN_DOCUMENTATION_COMMENTS = YES;
				CLANG_WARN_EMPTY_BODY = YES;
				CLANG_WARN_ENUM_CONVERSION = YES;
				CLANG_WARN_INFINITE_RECURSION = YES;
				CLANG_WARN_INT_CONVERSION = YES;
				CLANG_WARN_NON_LITERAL_NULL_CONVERSION = YES;
				CLANG_WARN_OBJC_IMPLICIT_RETAIN_SELF = YES;
				CLANG_WARN_OBJC_LITERAL_CONVERSION = YES;
				CLANG_WARN_OBJC_ROOT_CLASS = YES_ERROR;
				CLANG_WARN_QUOTED_INCLUDE_IN_FRAMEWORK_HEADER = YES;
				CLANG_WARN_RANGE_LOOP_ANALYSIS = YES;
				CLANG_WARN_STRICT_PROTOTYPES = YES;
				CLANG_WARN_SUSPICIOUS_MOVE = YES;
				CLANG_WARN_UNGUARDED_AVAILABILITY = YES_AGGRESSIVE;
				CLANG_WARN_UNREACHABLE_CODE = YES;
				CLANG_WARN__DUPLICATE_METHOD_MATCH = YES;
				COPY_PHASE_STRIP = NO;
				DEBUG_INFORMATION_FORMAT = dwarf;
				ENABLE_STRICT_OBJC_MSGSEND = YES;
				ENABLE_TESTABILITY = YES;
				ENABLE_USER_SCRIPT_SANDBOXING = YES;
				GCC_C_LANGUAGE_STANDARD = gnu17;
				GCC_DYNAMIC_NO_PIC = NO;
				GCC_NO_COMMON_BLOCKS = YES;
				GCC_OPTIMIZATION_LEVEL = 0;
				GCC_PREPROCESSOR_DEFINITIONS = (
					"DEBUG=1",
					"$(inherited)",
				);
				GCC_WARN_64_TO_32_BIT_CONVERSION = YES;
				GCC_WARN_ABOUT_RETURN_TYPE = YES_ERROR;
				GCC_WARN_UNDECLARED_SELECTOR = YES;
				GCC_WARN_UNINITIALIZED_AUTOS = YES_AGGRESSIVE;
				GCC_WARN_UNUSED_FUNCTION = YES;
				GCC_WARN_UNUSED_VARIABLE = YES;
				IPHONEOS_DEPLOYMENT_TARGET = 26.2;
				LOCALIZATION_PREFERS_STRING_CATALOGS = YES;
				MTL_ENABLE_DEBUG_INFO = INCLUDE_SOURCE;
				MTL_FAST_MATH = YES;
				ONLY_ACTIVE_ARCH = YES;
				SDKROOT = iphoneos;
				SWIFT_ACTIVE_COMPILATION_CONDITIONS = "DEBUG $(inherited)";
				SWIFT_OPTIMIZATION_LEVEL = "-Onone";
			};
			name = Debug;
		};
		361200AD2FF7FB4900FB2B6C /* Release */ = {
			isa = XCBuildConfiguration;
			buildSettings = {
				ALWAYS_SEARCH_USER_PATHS = NO;
				ASSETCATALOG_COMPILER_GENERATE_SWIFT_ASSET_SYMBOL_EXTENSIONS = YES;
				CLANG_ANALYZER_NONNULL = YES;
				CLANG_ANALYZER_NUMBER_OBJECT_CONVERSION = YES_AGGRESSIVE;
				CLANG_CXX_LANGUAGE_STANDARD = "gnu++20";
				CLANG_ENABLE_MODULES = YES;
				CLANG_ENABLE_OBJC_ARC = YES;
				CLANG_ENABLE_OBJC_WEAK = YES;
				CLANG_WARN_BLOCK_CAPTURE_AUTORELEASING = YES;
				CLANG_WARN_BOOL_CONVERSION = YES;
				CLANG_WARN_COMMA = YES;
				CLANG_WARN_CONSTANT_CONVERSION = YES;
				CLANG_WARN_DEPRECATED_OBJC_IMPLEMENTATIONS = YES;
				CLANG_WARN_DIRECT_OBJC_ISA_USAGE = YES_ERROR;
				CLANG_WARN_DOCUMENTATION_COMMENTS = YES;
				CLANG_WARN_EMPTY_BODY = YES;
				CLANG_WARN_ENUM_CONVERSION = YES;
				CLANG_WARN_INFINITE_RECURSION = YES;
				CLANG_WARN_INT_CONVERSION = YES;
				CLANG_WARN_NON_LITERAL_NULL_CONVERSION = YES;
				CLANG_WARN_OBJC_IMPLICIT_RETAIN_SELF = YES;
				CLANG_WARN_OBJC_LITERAL_CONVERSION = YES;
				CLANG_WARN_OBJC_ROOT_CLASS = YES_ERROR;
				CLANG_WARN_QUOTED_INCLUDE_IN_FRAMEWORK_HEADER = YES;
				CLANG_WARN_RANGE_LOOP_ANALYSIS = YES;
				CLANG_WARN_STRICT_PROTOTYPES = YES;
				CLANG_WARN_SUSPICIOUS_MOVE = YES;
				CLANG_WARN_UNGUARDED_AVAILABILITY = YES_AGGRESSIVE;
				CLANG_WARN_UNREACHABLE_CODE = YES;
				CLANG_WARN__DUPLICATE_METHOD_MATCH = YES;
				COPY_PHASE_STRIP = NO;
				DEBUG_INFORMATION_FORMAT = "dwarf-with-dsym";
				ENABLE_NS_ASSERTIONS = NO;
				ENABLE_STRICT_OBJC_MSGSEND = YES;
				ENABLE_USER_SCRIPT_SANDBOXING = YES;
				GCC_C_LANGUAGE_STANDARD = gnu17;
				GCC_NO_COMMON_BLOCKS = YES;
				GCC_WARN_64_TO_32_BIT_CONVERSION = YES;
				GCC_WARN_ABOUT_RETURN_TYPE = YES_ERROR;
				GCC_WARN_UNDECLARED_SELECTOR = YES;
				GCC_WARN_UNINITIALIZED_AUTOS = YES_AGGRESSIVE;
				GCC_WARN_UNUSED_FUNCTION = YES;
				GCC_WARN_UNUSED_VARIABLE = YES;
				IPHONEOS_DEPLOYMENT_TARGET = 26.2;
				LOCALIZATION_PREFERS_STRING_CATALOGS = YES;
				MTL_ENABLE_DEBUG_INFO = NO;
				MTL_FAST_MATH = YES;
				SDKROOT = iphoneos;
				SWIFT_COMPILATION_MODE = wholemodule;
				VALIDATE_PRODUCT = YES;
			};
			name = Release;
		};
		361200AF2FF7FB4900FB2B6C /* Debug */ = {
			isa = XCBuildConfiguration;
			buildSettings = {
				ASSETCATALOG_COMPILER_APPICON_NAME = AppIcon;
				ASSETCATALOG_COMPILER_GLOBAL_ACCENT_COLOR_NAME = AccentColor;
				CODE_SIGN_STYLE = Automatic;
				CURRENT_PROJECT_VERSION = 1;
				ENABLE_PREVIEWS = YES;
				GENERATE_INFOPLIST_FILE = YES;
				INFOPLIST_KEY_UIApplicationSceneManifest_Generation = YES;
				INFOPLIST_KEY_UIApplicationSupportsIndirectInputEvents = YES;
				INFOPLIST_KEY_UILaunchScreen_Generation = YES;
				INFOPLIST_KEY_UISupportedInterfaceOrientations_iPad = "UIInterfaceOrientationPortrait UIInterfaceOrientationPortraitUpsideDown UIInterfaceOrientationLandscapeLeft UIInterfaceOrientationLandscapeRight";
				INFOPLIST_KEY_UISupportedInterfaceOrientations_iPhone = "UIInterfaceOrientationPortrait UIInterfaceOrientationLandscapeLeft UIInterfaceOrientationLandscapeRight";
				LD_RUNPATH_SEARCH_PATHS = (
					"$(inherited)",
					"@executable_path/Frameworks",
				);
				MARKETING_VERSION = 1.0;
				PRODUCT_BUNDLE_IDENTIFIER = ru.aleksey.EatAndPay;
				PRODUCT_NAME = "$(TARGET_NAME)";
				STRING_CATALOG_GENERATE_SYMBOLS = YES;
				SWIFT_APPROACHABLE_CONCURRENCY = YES;
				SWIFT_DEFAULT_ACTOR_ISOLATION = nonisolated;
				SWIFT_EMIT_LOC_STRINGS = YES;
				SWIFT_UPCOMING_FEATURE_MEMBER_IMPORT_VISIBILITY = YES;
				SWIFT_VERSION = 6.0;
				TARGETED_DEVICE_FAMILY = "1,2";
			};
			name = Debug;
		};
		361200B02FF7FB4900FB2B6C /* Release */ = {
			isa = XCBuildConfiguration;
			buildSettings = {
				ASSETCATALOG_COMPILER_APPICON_NAME = AppIcon;
				ASSETCATALOG_COMPILER_GLOBAL_ACCENT_COLOR_NAME = AccentColor;
				CODE_SIGN_STYLE = Automatic;
				CURRENT_PROJECT_VERSION = 1;
				ENABLE_PREVIEWS = YES;
				GENERATE_INFOPLIST_FILE = YES;
				INFOPLIST_KEY_UIApplicationSceneManifest_Generation = YES;
				INFOPLIST_KEY_UIApplicationSupportsIndirectInputEvents = YES;
				INFOPLIST_KEY_UILaunchScreen_Generation = YES;
				INFOPLIST_KEY_UISupportedInterfaceOrientations_iPad = "UIInterfaceOrientationPortrait UIInterfaceOrientationPortraitUpsideDown UIInterfaceOrientationLandscapeLeft UIInterfaceOrientationLandscapeRight";
				INFOPLIST_KEY_UISupportedInterfaceOrientations_iPhone = "UIInterfaceOrientationPortrait UIInterfaceOrientationLandscapeLeft UIInterfaceOrientationLandscapeRight";
				LD_RUNPATH_SEARCH_PATHS = (
					"$(inherited)",
					"@executable_path/Frameworks",
				);
				MARKETING_VERSION = 1.0;
				PRODUCT_BUNDLE_IDENTIFIER = ru.aleksey.EatAndPay;
				PRODUCT_NAME = "$(TARGET_NAME)";
				STRING_CATALOG_GENERATE_SYMBOLS = YES;
				SWIFT_APPROACHABLE_CONCURRENCY = YES;
				SWIFT_DEFAULT_ACTOR_ISOLATION = nonisolated;
				SWIFT_EMIT_LOC_STRINGS = YES;
				SWIFT_UPCOMING_FEATURE_MEMBER_IMPORT_VISIBILITY = YES;
				SWIFT_VERSION = 6.0;
				TARGETED_DEVICE_FAMILY = "1,2";
			};
			name = Release;
		};
		361200B22FF7FB4900FB2B6C /* Debug */ = {
			isa = XCBuildConfiguration;
			buildSettings = {
				BUNDLE_LOADER = "$(TEST_HOST)";
				CODE_SIGN_STYLE = Automatic;
				CURRENT_PROJECT_VERSION = 1;
				GENERATE_INFOPLIST_FILE = YES;
				IPHONEOS_DEPLOYMENT_TARGET = 26.2;
				MARKETING_VERSION = 1.0;
				PRODUCT_BUNDLE_IDENTIFIER = ru.aleksey.EatAndPayTests;
				PRODUCT_NAME = "$(TARGET_NAME)";
				STRING_CATALOG_GENERATE_SYMBOLS = NO;
				SWIFT_APPROACHABLE_CONCURRENCY = YES;
				SWIFT_EMIT_LOC_STRINGS = NO;
				SWIFT_UPCOMING_FEATURE_MEMBER_IMPORT_VISIBILITY = YES;
				SWIFT_VERSION = 5.0;
				TARGETED_DEVICE_FAMILY = "1,2";
				TEST_HOST = "$(BUILT_PRODUCTS_DIR)/EatAndPay.app/$(BUNDLE_EXECUTABLE_FOLDER_PATH)/EatAndPay";
			};
			name = Debug;
		};
		361200B32FF7FB4900FB2B6C /* Release */ = {
			isa = XCBuildConfiguration;
			buildSettings = {
				BUNDLE_LOADER = "$(TEST_HOST)";
				CODE_SIGN_STYLE = Automatic;
				CURRENT_PROJECT_VERSION = 1;
				GENERATE_INFOPLIST_FILE = YES;
				IPHONEOS_DEPLOYMENT_TARGET = 26.2;
				MARKETING_VERSION = 1.0;
				PRODUCT_BUNDLE_IDENTIFIER = ru.aleksey.EatAndPayTests;
				PRODUCT_NAME = "$(TARGET_NAME)";
				STRING_CATALOG_GENERATE_SYMBOLS = NO;
				SWIFT_APPROACHABLE_CONCURRENCY = YES;
				SWIFT_EMIT_LOC_STRINGS = NO;
				SWIFT_UPCOMING_FEATURE_MEMBER_IMPORT_VISIBILITY = YES;
				SWIFT_VERSION = 5.0;
				TARGETED_DEVICE_FAMILY = "1,2";
				TEST_HOST = "$(BUILT_PRODUCTS_DIR)/EatAndPay.app/$(BUNDLE_EXECUTABLE_FOLDER_PATH)/EatAndPay";
			};
			name = Release;
		};
		361200B52FF7FB4900FB2B6C /* Debug */ = {
			isa = XCBuildConfiguration;
			buildSettings = {
				CODE_SIGN_STYLE = Automatic;
				CURRENT_PROJECT_VERSION = 1;
				GENERATE_INFOPLIST_FILE = YES;
				MARKETING_VERSION = 1.0;
				PRODUCT_BUNDLE_IDENTIFIER = ru.aleksey.EatAndPayUITests;
				PRODUCT_NAME = "$(TARGET_NAME)";
				STRING_CATALOG_GENERATE_SYMBOLS = NO;
				SWIFT_APPROACHABLE_CONCURRENCY = YES;
				SWIFT_EMIT_LOC_STRINGS = NO;
				SWIFT_UPCOMING_FEATURE_MEMBER_IMPORT_VISIBILITY = YES;
				SWIFT_VERSION = 5.0;
				TARGETED_DEVICE_FAMILY = "1,2";
				TEST_TARGET_NAME = EatAndPay;
			};
			name = Debug;
		};
		361200B62FF7FB4900FB2B6C /* Release */ = {
			isa = XCBuildConfiguration;
			buildSettings = {
				CODE_SIGN_STYLE = Automatic;
				CURRENT_PROJECT_VERSION = 1;
				GENERATE_INFOPLIST_FILE = YES;
				MARKETING_VERSION = 1.0;
				PRODUCT_BUNDLE_IDENTIFIER = ru.aleksey.EatAndPayUITests;
				PRODUCT_NAME = "$(TARGET_NAME)";
				STRING_CATALOG_GENERATE_SYMBOLS = NO;
				SWIFT_APPROACHABLE_CONCURRENCY = YES;
				SWIFT_EMIT_LOC_STRINGS = NO;
				SWIFT_UPCOMING_FEATURE_MEMBER_IMPORT_VISIBILITY = YES;
				SWIFT_VERSION = 5.0;
				TARGETED_DEVICE_FAMILY = "1,2";
				TEST_TARGET_NAME = EatAndPay;
			};
			name = Release;
		};
/* End XCBuildConfiguration section */

/* Begin XCConfigurationList section */
		361200882FF7FB4800FB2B6C /* Build configuration list for PBXProject "EatAndPay" */ = {
			isa = XCConfigurationList;
			buildConfigurations = (
				361200AC2FF7FB4900FB2B6C /* Debug */,
				361200AD2FF7FB4900FB2B6C /* Release */,
			);
			defaultConfigurationIsVisible = 0;
			defaultConfigurationName = Release;
		};
		361200AE2FF7FB4900FB2B6C /* Build configuration list for PBXNativeTarget "EatAndPay" */ = {
			isa = XCConfigurationList;
			buildConfigurations = (
				361200AF2FF7FB4900FB2B6C /* Debug */,
				361200B02FF7FB4900FB2B6C /* Release */,
			);
			defaultConfigurationIsVisible = 0;
			defaultConfigurationName = Release;
		};
		361200B12FF7FB4900FB2B6C /* Build configuration list for PBXNativeTarget "EatAndPayTests" */ = {
			isa = XCConfigurationList;
			buildConfigurations = (
				361200B22FF7FB4900FB2B6C /* Debug */,
				361200B32FF7FB4900FB2B6C /* Release */,
			);
			defaultConfigurationIsVisible = 0;
			defaultConfigurationName = Release;
		};
		361200B42FF7FB4900FB2B6C /* Build configuration list for PBXNativeTarget "EatAndPayUITests" */ = {
			isa = XCConfigurationList;
			buildConfigurations = (
				361200B52FF7FB4900FB2B6C /* Debug */,
				361200B62FF7FB4900FB2B6C /* Release */,
			);
			defaultConfigurationIsVisible = 0;
			defaultConfigurationName = Release;
		};
/* End XCConfigurationList section */

/* Begin XCLocalSwiftPackageReference section */
		EAD500022FFF000100000001 /* XCLocalSwiftPackageReference "EatAndPayDesignSystem" */ = {
			isa = XCLocalSwiftPackageReference;
			relativePath = Packages/EatAndPayDesignSystem;
		};
/* End XCLocalSwiftPackageReference section */

/* Begin XCRemoteSwiftPackageReference section */
		3639B7342FFE70A3003CF009 /* XCRemoteSwiftPackageReference "swift-openapi-generator" */ = {
			isa = XCRemoteSwiftPackageReference;
			repositoryURL = "https://github.com/apple/swift-openapi-generator";
			requirement = {
				kind = upToNextMajorVersion;
				minimumVersion = 1.13.0;
			};
		};
		3639B7352FFE70BC003CF009 /* XCRemoteSwiftPackageReference "swift-openapi-runtime" */ = {
			isa = XCRemoteSwiftPackageReference;
			repositoryURL = "https://github.com/apple/swift-openapi-runtime";
			requirement = {
				kind = upToNextMajorVersion;
				minimumVersion = 1.12.0;
			};
		};
		3639B7362FFE70E6003CF009 /* XCRemoteSwiftPackageReference "swift-openapi-urlsession" */ = {
			isa = XCRemoteSwiftPackageReference;
			repositoryURL = "https://github.com/apple/swift-openapi-urlsession";
			requirement = {
				kind = upToNextMajorVersion;
				minimumVersion = 1.3.1;
			};
		};
		36E44E662FFE7991002B776A /* XCRemoteSwiftPackageReference "swift-http-types" */ = {
			isa = XCRemoteSwiftPackageReference;
			repositoryURL = "https://github.com/apple/swift-http-types";
			requirement = {
				kind = upToNextMajorVersion;
				minimumVersion = 1.6.0;
			};
		};
/* End XCRemoteSwiftPackageReference section */

/* Begin XCSwiftPackageProductDependency section */
		EAD500032FFF000100000001 /* EatAndPayDesignSystem */ = {
			isa = XCSwiftPackageProductDependency;
			package = EAD500022FFF000100000001 /* XCLocalSwiftPackageReference "EatAndPayDesignSystem" */;
			productName = EatAndPayDesignSystem;
		};
		3639B7372FFE7112003CF009 /* OpenAPIGenerator */ = {
			isa = XCSwiftPackageProductDependency;
			package = 3639B7342FFE70A3003CF009 /* XCRemoteSwiftPackageReference "swift-openapi-generator" */;
			productName = "plugin:OpenAPIGenerator";
		};
		36E44E592FFE78A8002B776A /* OpenAPIRuntime */ = {
			isa = XCSwiftPackageProductDependency;
			package = 3639B7352FFE70BC003CF009 /* XCRemoteSwiftPackageReference "swift-openapi-runtime" */;
			productName = OpenAPIRuntime;
		};
		36E44E5C2FFE78AC002B776A /* OpenAPIURLSession */ = {
			isa = XCSwiftPackageProductDependency;
			package = 3639B7362FFE70E6003CF009 /* XCRemoteSwiftPackageReference "swift-openapi-urlsession" */;
			productName = OpenAPIURLSession;
		};
		36E44E672FFE7997002B776A /* HTTPTypes */ = {
			isa = XCSwiftPackageProductDependency;
			package = 36E44E662FFE7991002B776A /* XCRemoteSwiftPackageReference "swift-http-types" */;
			productName = HTTPTypes;
		};
/* End XCSwiftPackageProductDependency section */
	};
	rootObject = 361200852FF7FB4800FB2B6C /* Project object */;
}
